
Microsoft Visual Studio Solution File, Format Version 12.00
# Visual Studio Version 17
VisualStudioVersion = 17.14.36408.4
MinimumVisualStudioVersion = 10.0.40219.1
Project("{FAE04EC0-301F-11D3-BF4B-00C04F79EFBC}") = "ProductsMicroService.API", "ProductsMicroService.API\ProductsMicroService.API.csproj", "{E1330D09-8D99-4CA4-9FF7-1A288C57F456}"
EndProject
Project("{FAE04EC0-301F-11D3-BF4B-00C04F79EFBC}") = "DataAccessLayer", "DataAccessLayer\DataAccessLayer.csproj", "{74B698BE-11FC-45A7-8039-440796223964}"
EndProject
Project("{FAE04EC0-301F-11D3-BF4B-00C04F79EFBC}") = "BusinessLogicLayer", "BusinessLogicLayer\BusinessLogicLayer.csproj", "{C8BD498E-C6A6-45DE-9FAF-8C467A36CADB}"
EndProject
Global
	GlobalSection(SolutionConfigurationPlatforms) = preSolution
		Debug|Any CPU = Debug|Any CPU
		Release|Any CPU = Release|Any CPU
	EndGlobalSection
	GlobalSection(ProjectConfigurationPlatforms) = postSolution
		{E1330D09-8D99-4CA4-9FF7-1A288C57F456}.Debug|Any CPU.ActiveCfg = Debug|Any CPU
		{E1330D09-8D99-4CA4-9FF7-1A288C57F456}.Debug|Any CPU.Build.0 = Debug|Any CPU
		{E1330D09-8D99-4CA4-9FF7-1A288C57F456}.Release|Any CPU.ActiveCfg = Release|Any CPU
		{E1330D09-8D99-4CA4-9FF7-1A288C57F456}.Release|Any CPU.Build.0 = Release|Any CPU
		{74B698BE-11FC-45A7-8039-440796223964}.Debug|Any CPU.ActiveCfg = Debug|Any CPU
		{74B698BE-11FC-45A7-8039-440796223964}.Debug|Any CPU.Build.0 = Debug|Any CPU
		{74B698BE-11FC-45A7-8039-440796223964}.Release|Any CPU.ActiveCfg = Release|Any CPU
		{74B698BE-11FC-45A7-8039-440796223964}.Release|Any CPU.Build.0 = Release|Any CPU
		{C8BD498E-C6A6-45DE-9FAF-8C467A36CADB}.Debug|Any CPU.ActiveCfg = Debug|Any CPU
		{C8BD498E-C6A6-45DE-9FAF-8C467A36CADB}.Debug|Any CPU.Build.0 = Debug|Any CPU
		{C8BD498E-C6A6-45DE-9FAF-8C467A36CADB}.Release|Any CPU.ActiveCfg = Release|Any CPU
		{C8BD498E-C6A6-45DE-9FAF-8C467A36CADB}.Release|Any CPU.Build.0 = Release|Any CPU
	EndGlobalSection
	GlobalSection(SolutionProperties) = preSolution
		HideSolutionNode = FALSE
	EndGlobalSection
	GlobalSection(ExtensibilityGlobals) = postSolution
		SolutionGuid = {BDAED2EB-FE32-412E-A218-E889B4FED056}
	EndGlobalSection
EndGlobal
